{
  "version": 4,
  "terraform_version": "1.10.3",
  "serial": 39,
  "lineage": "e45186a4-57d5-3e02-e11f-2678da456814",
  "outputs": {
    "instance_id": {
      "value": "ubuntu-24-2cpu-2gb-instance",
      "type": "string"
    },
    "instance_public_ip": {
      "value": "18.234.185.193",
      "type": "string"
    }
  },
  "resources": [
    {
      "mode": "managed",
      "type": "aws_lightsail_instance",
      "name": "create_instance",
      "provider": "provider[\"registry.terraform.io/hashicorp/aws\"]",
      "instances": [
        {
          "schema_version": 0,
          "attributes": {
            "add_on": [],
            "arn": "arn:aws:lightsail:us-east-1:654654485425:Instance/f9a9e727-eb76-4420-977a-0ee457a9a66c",
            "availability_zone": "us-east-1a",
            "blueprint_id": "ubuntu_24_04",
            "bundle_id": "small_2_0",
            "cpu_count": 1,
            "created_at": "2024-12-19T10:03:08Z",
            "id": "ubuntu-24-2cpu-2gb-instance",
            "ip_address_type": "dualstack",
            "ipv6_addresses": [
              "2600:1f18:4675:fe00:22d3:5382:1932:c6d1"
            ],
            "is_static_ip": false,
            "key_pair_name": "LightsailDefaultKeyPair",
            "name": "ubuntu-24-2cpu-2gb-instance",
            "private_ip_address": "172.26.10.133",
            "public_ip_address": "18.234.185.193",
            "ram_size": 2,
            "tags": {
              "Name": "Ubuntu 24.04 Lightsail Instance"
            },
            "tags_all": {
              "Name": "Ubuntu 24.04 Lightsail Instance"
            },
            "user_data": null,
            "username": "ubuntu"
          },
          "sensitive_attributes": [],
          "private": "bnVsbA=="
        }
      ]
    },
    {
      "mode": "managed",
      "type": "null_resource",
      "name": "install_docker",
      "provider": "provider[\"registry.terraform.io/hashicorp/null\"]",
      "instances": [
        {
          "status": "tainted",
          "schema_version": 0,
          "attributes": {
            "id": "3213372142005843766",
            "triggers": null
          },
          "sensitive_attributes": [],
          "dependencies": [
            "aws_lightsail_instance.create_instance"
          ]
        }
      ]
    }
  ],
  "check_results": null
}
