{
  "version": 4,
  "terraform_version": "1.10.3",
  "serial": 4,
  "lineage": "562e2eb1-2198-618a-8d8e-67622633b01c",
  "outputs": {
    "instance_id": {
      "value": "ubuntu-24-2cpu-2gb-instance",
      "type": "string"
    },
    "instance_public_ip": {
      "value": "13.212.85.161",
      "type": "string"
    }
  },
  "resources": [
    {
      "mode": "managed",
      "type": "aws_lightsail_instance",
      "name": "create_instance",
      "provider": "provider[\"registry.terraform.io/hashicorp/aws\"]",
      "instances": [
        {
          "schema_version": 0,
          "attributes": {
            "add_on": [],
            "arn": "arn:aws:lightsail:ap-southeast-1:654654485425:Instance/ff898fbe-3a93-4446-81fc-aa2199cfdd04",
            "availability_zone": "ap-southeast-1a",
            "blueprint_id": "ubuntu_24_04",
            "bundle_id": "small_2_0",
            "cpu_count": 1,
            "created_at": "2024-12-19T16:09:19Z",
            "id": "ubuntu-24-2cpu-2gb-instance",
            "ip_address_type": "dualstack",
            "ipv6_addresses": [
              "2406:da18:81f:4300:d7cf:61db:84f6:dba7"
            ],
            "is_static_ip": false,
            "key_pair_name": "deployer-key",
            "name": "ubuntu-24-2cpu-2gb-instance",
            "private_ip_address": "172.26.8.148",
            "public_ip_address": "13.212.85.161",
            "ram_size": 2,
            "tags": {
              "Name": "Ubuntu 24.04 Lightsail Instance"
            },
            "tags_all": {
              "Name": "Ubuntu 24.04 Lightsail Instance"
            },
            "user_data": null,
            "username": "ubuntu"
          },
          "sensitive_attributes": [],
          "private": "bnVsbA==",
          "dependencies": [
            "aws_lightsail_key_pair.deployer"
          ]
        }
      ]
    },
    {
      "mode": "managed",
      "type": "aws_lightsail_key_pair",
      "name": "deployer",
      "provider": "provider[\"registry.terraform.io/hashicorp/aws\"]",
      "instances": [
        {
          "schema_version": 0,
          "attributes": {
            "arn": "arn:aws:lightsail:ap-southeast-1:654654485425:KeyPair/508bca55-936d-4137-b827-f29e3f686ed6",
            "encrypted_fingerprint": null,
            "encrypted_private_key": null,
            "fingerprint": "a7:b1:26:00:f9:8e:9f:2a:3e:7f:52:fc:01:f4:df:f3",
            "id": "deployer-key",
            "name": "deployer-key",
            "name_prefix": "",
            "pgp_key": null,
            "private_key": null,
            "public_key": "ssh-rsa AAAAB3NzaC1yc2EAAAADAQABAAACAQDVSl6fvTFfRxv/FixF1a+/PyGWIvtzfa2nTj/KPuoNctKLChCjKktwlyFFbdN40jH59vBzje/Rnz0nprKwOoixdgPBGdBYPtv1FZaHs+2T3tthckYSTwE0s5aOdZrXANX4qSoffXNMdpLrdDAC5Wr5w7YSjCg8T0XJhCjKYUi/kLa7Dd2kMEtOJ627PcbxGGN8dMwwL/CDuwqqB/BagVPH5c5G290Y7S01Uyn4riP3mM1CQ1vuGZ7qGuf4elkDuc85pWNzyhdAmvfaygOrkUspo2TM9JLaQoz7/i/W5eIoVAN73zPMPDBDVtLsLnRRpHJmSZi35xCFL5KkT5lXvTguCbSu0+SPlQ/IVoZii5o1jcz+/K8+j50ZzwdNemUae0c7cGymEor0zm/p5IiF7gi6q317wErub1uP/R+jZ40lkyOHs20GzjEL+WLQ4LHcn8Krs5+DvQaTi9ucOR2YsLGA1q03Fux9wM6y0Z8NiKuvKmi8/7cMtEF+mu3b/Xd+pkQgYuN3rokuMbbdg5nKOBEynFpBSglWE9pLdpt2anOoAZH/tHqOJ8fkZGcTcLBi8L15fudjD8gLcEigN88evVn8Fhp7mGz1FJAsC58y36uKS2CQkd3xC8oe0QJvqbmSf3exMJ7QKaR8LBLRhtgY4zpmzWvEjEqlseIMIqP5CPOYww== hanzawnyeinonline@gmail.com\n",
            "tags": null,
            "tags_all": {}
          },
          "sensitive_attributes": [],
          "private": "bnVsbA=="
        }
      ]
    },
    {
      "mode": "managed",
      "type": "null_resource",
      "name": "install_docker",
      "provider": "provider[\"registry.terraform.io/hashicorp/null\"]",
      "instances": [
        {
          "schema_version": 0,
          "attributes": {
            "id": "4458306522569441666",
            "triggers": null
          },
          "sensitive_attributes": [],
          "dependencies": [
            "aws_lightsail_instance.create_instance",
            "aws_lightsail_key_pair.deployer"
          ]
        }
      ]
    }
  ],
  "check_results": null
}
