{
  "version": 4,
  "terraform_version": "1.10.3",
  "serial": 62,
  "lineage": "e45186a4-57d5-3e02-e11f-2678da456814",
  "outputs": {
    "instance_id": {
      "value": "ubuntu-24-2cpu-2gb-instance",
      "type": "string"
    },
    "instance_public_ip": {
      "value": "3.82.116.253",
      "type": "string"
    }
  },
  "resources": [
    {
      "mode": "managed",
      "type": "aws_lightsail_instance",
      "name": "create_instance",
      "provider": "provider[\"registry.terraform.io/hashicorp/aws\"]",
      "instances": [
        {
          "schema_version": 0,
          "attributes": {
            "add_on": [],
            "arn": "arn:aws:lightsail:us-east-1:654654485425:Instance/1ff32b23-19e5-4813-8360-7f9e0f8f4a90",
            "availability_zone": "us-east-1a",
            "blueprint_id": "ubuntu_24_04",
            "bundle_id": "small_2_0",
            "cpu_count": 1,
            "created_at": "2024-12-19T16:02:27Z",
            "id": "ubuntu-24-2cpu-2gb-instance",
            "ip_address_type": "dualstack",
            "ipv6_addresses": [
              "2600:1f18:4675:fe00:2843:b710:2821:1483"
            ],
            "is_static_ip": false,
            "key_pair_name": "deployer-key",
            "name": "ubuntu-24-2cpu-2gb-instance",
            "private_ip_address": "172.26.11.104",
            "public_ip_address": "3.82.116.253",
            "ram_size": 2,
            "tags": {
              "Name": "Ubuntu 24.04 Lightsail Instance"
            },
            "tags_all": {
              "Name": "Ubuntu 24.04 Lightsail Instance"
            },
            "user_data": null,
            "username": "ubuntu"
          },
          "sensitive_attributes": [],
          "private": "bnVsbA==",
          "dependencies": [
            "aws_lightsail_key_pair.deployer"
          ]
        }
      ]
    },
    {
      "mode": "managed",
      "type": "aws_lightsail_key_pair",
      "name": "deployer",
      "provider": "provider[\"registry.terraform.io/hashicorp/aws\"]",
      "instances": [
        {
          "schema_version": 0,
          "attributes": {
            "arn": "arn:aws:lightsail:us-east-1:654654485425:KeyPair/501fb8c8-8e37-4257-b377-7c902477fe40",
            "encrypted_fingerprint": null,
            "encrypted_private_key": null,
            "fingerprint": "a7:b1:26:00:f9:8e:9f:2a:3e:7f:52:fc:01:f4:df:f3",
            "id": "deployer-key",
            "name": "deployer-key",
            "name_prefix": "",
            "pgp_key": null,
            "private_key": null,
            "public_key": "ssh-rsa AAAAB3NzaC1yc2EAAAADAQABAAACAQDVSl6fvTFfRxv/FixF1a+/PyGWIvtzfa2nTj/KPuoNctKLChCjKktwlyFFbdN40jH59vBzje/Rnz0nprKwOoixdgPBGdBYPtv1FZaHs+2T3tthckYSTwE0s5aOdZrXANX4qSoffXNMdpLrdDAC5Wr5w7YSjCg8T0XJhCjKYUi/kLa7Dd2kMEtOJ627PcbxGGN8dMwwL/CDuwqqB/BagVPH5c5G290Y7S01Uyn4riP3mM1CQ1vuGZ7qGuf4elkDuc85pWNzyhdAmvfaygOrkUspo2TM9JLaQoz7/i/W5eIoVAN73zPMPDBDVtLsLnRRpHJmSZi35xCFL5KkT5lXvTguCbSu0+SPlQ/IVoZii5o1jcz+/K8+j50ZzwdNemUae0c7cGymEor0zm/p5IiF7gi6q317wErub1uP/R+jZ40lkyOHs20GzjEL+WLQ4LHcn8Krs5+DvQaTi9ucOR2YsLGA1q03Fux9wM6y0Z8NiKuvKmi8/7cMtEF+mu3b/Xd+pkQgYuN3rokuMbbdg5nKOBEynFpBSglWE9pLdpt2anOoAZH/tHqOJ8fkZGcTcLBi8L15fudjD8gLcEigN88evVn8Fhp7mGz1FJAsC58y36uKS2CQkd3xC8oe0QJvqbmSf3exMJ7QKaR8LBLRhtgY4zpmzWvEjEqlseIMIqP5CPOYww== hanzawnyeinonline@gmail.com\n",
            "tags": {},
            "tags_all": {}
          },
          "sensitive_attributes": [],
          "private": "bnVsbA=="
        }
      ]
    },
    {
      "mode": "managed",
      "type": "null_resource",
      "name": "install_docker",
      "provider": "provider[\"registry.terraform.io/hashicorp/null\"]",
      "instances": [
        {
          "schema_version": 0,
          "attributes": {
            "id": "5170639339998168834",
            "triggers": null
          },
          "sensitive_attributes": [],
          "dependencies": [
            "aws_lightsail_instance.create_instance",
            "aws_lightsail_key_pair.deployer"
          ]
        }
      ]
    }
  ],
  "check_results": null
}
